PODS:
  - Flutter (1.0.0)
  - integration_test (0.0.1):
    - Flutter
  - universal_code_viewer (0.0.1):
    - Flutter

DEPENDENCIES:
  - Flutter (from `Flutter`)
  - integration_test (from `.symlinks/plugins/integration_test/ios`)
  - universal_code_viewer (from `.symlinks/plugins/universal_code_viewer/ios`)

EXTERNAL SOURCES:
  Flutter:
    :path: Flutter
  integration_test:
    :path: ".symlinks/plugins/integration_test/ios"
  universal_code_viewer:
    :path: ".symlinks/plugins/universal_code_viewer/ios"

SPEC CHECKSUMS:
  Flutter: e0871f40cf51350855a761d2e70bf5af5b9b5de7
  integration_test: 252f60fa39af5e17c3aa9899d35d908a0721b573
  universal_code_viewer: 35b2960ceb7dbb24440ab374f3cea37c15d3893f

PODFILE CHECKSUM: 819463e6a0290f5a72f145ba7cde16e8b6ef0796

COCOAPODS: 1.15.2
